
Microsoft Visual Studio Solution File, Format Version 12.00
# Visual Studio Version 16
VisualStudioVersion = 16.0.29509.3
MinimumVisualStudioVersion = 10.0.40219.1
Project("{FAE04EC0-301F-11D3-BF4B-00C04F79EFBC}") = "BlazorWorkshop", "BlazorWorkshop.csproj", "{F309CD1F-2139-4D55-98F5-049903EB17B7}"
EndProject
Global
	GlobalSection(SolutionConfigurationPlatforms) = preSolution
		Debug|Any CPU = Debug|Any CPU
		Release|Any CPU = Release|Any CPU
	EndGlobalSection
	GlobalSection(ProjectConfigurationPlatforms) = postSolution
		{F309CD1F-2139-4D55-98F5-049903EB17B7}.Debug|Any CPU.ActiveCfg = Debug|Any CPU
		{F309CD1F-2139-4D55-98F5-049903EB17B7}.Debug|Any CPU.Build.0 = Debug|Any CPU
		{F309CD1F-2139-4D55-98F5-049903EB17B7}.Release|Any CPU.ActiveCfg = Release|Any CPU
		{F309CD1F-2139-4D55-98F5-049903EB17B7}.Release|Any CPU.Build.0 = Release|Any CPU
	EndGlobalSection
	GlobalSection(SolutionProperties) = preSolution
		HideSolutionNode = FALSE
	EndGlobalSection
	GlobalSection(ExtensibilityGlobals) = postSolution
		SolutionGuid = {B6721BA7-FB2C-4741-823E-4B00504EC9C5}
	EndGlobalSection
EndGlobal
